
Microsoft Visual Studio Solution File, Format Version 12.00
# Visual Studio Version 17
VisualStudioVersion = 17.2.32630.192
MinimumVisualStudioVersion = 10.0.40219.1
Project("{9A19103F-16F7-4668-BE54-9A1E7A4F7556}") = "Task_Management", "Task_Management\Task_Management.csproj", "{8D07BFEA-B5DA-4E8D-85FA-89D5AB6472B8}"
EndProject
Project("{FAE04EC0-301F-11D3-BF4B-00C04F79EFBC}") = "Task_Management.Tests", "Task_Management.Tests\Task_Management.Tests.csproj", "{313B5A37-3ED9-4378-A90C-0F8455EEA711}"
	ProjectSection(ProjectDependencies) = postProject
		{8D07BFEA-B5DA-4E8D-85FA-89D5AB6472B8} = {8D07BFEA-B5DA-4E8D-85FA-89D5AB6472B8}
	EndProjectSection
EndProject
Global
	GlobalSection(SolutionConfigurationPlatforms) = preSolution
		Debug|Any CPU = Debug|Any CPU
		Release|Any CPU = Release|Any CPU
	EndGlobalSection
	GlobalSection(ProjectConfigurationPlatforms) = postSolution
		{8D07BFEA-B5DA-4E8D-85FA-89D5AB6472B8}.Debug|Any CPU.ActiveCfg = Debug|Any CPU
		{8D07BFEA-B5DA-4E8D-85FA-89D5AB6472B8}.Debug|Any CPU.Build.0 = Debug|Any CPU
		{8D07BFEA-B5DA-4E8D-85FA-89D5AB6472B8}.Release|Any CPU.ActiveCfg = Release|Any CPU
		{8D07BFEA-B5DA-4E8D-85FA-89D5AB6472B8}.Release|Any CPU.Build.0 = Release|Any CPU
		{313B5A37-3ED9-4378-A90C-0F8455EEA711}.Debug|Any CPU.ActiveCfg = Debug|Any CPU
		{313B5A37-3ED9-4378-A90C-0F8455EEA711}.Debug|Any CPU.Build.0 = Debug|Any CPU
		{313B5A37-3ED9-4378-A90C-0F8455EEA711}.Release|Any CPU.ActiveCfg = Release|Any CPU
		{313B5A37-3ED9-4378-A90C-0F8455EEA711}.Release|Any CPU.Build.0 = Release|Any CPU
	EndGlobalSection
	GlobalSection(SolutionProperties) = preSolution
		HideSolutionNode = FALSE
	EndGlobalSection
	GlobalSection(ExtensibilityGlobals) = postSolution
		SolutionGuid = {849C1E5B-CCEA-47FA-9C30-2890EEA9F5E9}
	EndGlobalSection
EndGlobal
